// !$*UTF8*$!
{
	archiveVersion = 1;
	classes = {
	};
	objectVersion = 50;
	objects = {

/* Begin PBXBuildFile section */
		4C8CB5DA20C576240045E135 /* AppDelegate.swift in Sources */ = {isa = PBXBuildFile; fileRef = 4C8CB5D920C576240045E135 /* AppDelegate.swift */; };
		4C8CB5E120C576250045E135 /* Assets.xcassets in Resources */ = {isa = PBXBuildFile; fileRef = 4C8CB5E020C576250045E135 /* Assets.xcassets */; };
		4C8CB5E420C576250045E135 /* LaunchScreen.storyboard in Resources */ = {isa = PBXBuildFile; fileRef = 4C8CB5E220C576250045E135 /* LaunchScreen.storyboard */; };
		4C8CB5F020C578010045E135 /* CollectionController.swift in Sources */ = {isa = PBXBuildFile; fileRef = 4C8CB5EE20C578010045E135 /* CollectionController.swift */; };
		4C8CB5F120C578010045E135 /* CollectionController.xib in Resources */ = {isa = PBXBuildFile; fileRef = 4C8CB5EF20C578010045E135 /* CollectionController.xib */; };
		4C8CB5F420C578620045E135 /* TableController.swift in Sources */ = {isa = PBXBuildFile; fileRef = 4C8CB5F220C578620045E135 /* TableController.swift */; };
		4C8CB5F520C578620045E135 /* TableController.xib in Resources */ = {isa = PBXBuildFile; fileRef = 4C8CB5F320C578620045E135 /* TableController.xib */; };
		4C8CB5F720C5796D0045E135 /* TabBarController.swift in Sources */ = {isa = PBXBuildFile; fileRef = 4C8CB5F620C5796D0045E135 /* TabBarController.swift */; };
		4C8CB5F920C57B560045E135 /* Photo.swift in Sources */ = {isa = PBXBuildFile; fileRef = 4C8CB5F820C57B560045E135 /* Photo.swift */; };
		4C8CB5FB20C57BF50045E135 /* Base DePhotos.swift in Sources */ = {isa = PBXBuildFile; fileRef = 4C8CB5FA20C57BF50045E135 /* Base DePhotos.swift */; };
		4C8CB5FE20C57D430045E135 /* MomentTableCell.swift in Sources */ = {isa = PBXBuildFile; fileRef = 4C8CB5FC20C57D430045E135 /* MomentTableCell.swift */; };
		4C8CB5FF20C57D430045E135 /* MomentTableCell.xib in Resources */ = {isa = PBXBuildFile; fileRef = 4C8CB5FD20C57D430045E135 /* MomentTableCell.xib */; };
		4C8CB60120C671F00045E135 /* imageCoinArrondi.swift in Sources */ = {isa = PBXBuildFile; fileRef = 4C8CB60020C671F00045E135 /* imageCoinArrondi.swift */; };
/* End PBXBuildFile section */

/* Begin PBXFileReference section */
		4C8CB5D620C576240045E135 /* Moments.app */ = {isa = PBXFileReference; explicitFileType = wrapper.application; includeInIndex = 0; path = Moments.app; sourceTree = BUILT_PRODUCTS_DIR; };
		4C8CB5D920C576240045E135 /* AppDelegate.swift */ = {isa = PBXFileReference; lastKnownFileType = sourcecode.swift; path = AppDelegate.swift; sourceTree = "<group>"; };
		4C8CB5E020C576250045E135 /* Assets.xcassets */ = {isa = PBXFileReference; lastKnownFileType = folder.assetcatalog; path = Assets.xcassets; sourceTree = "<group>"; };
		4C8CB5E320C576250045E135 /* Base */ = {isa = PBXFileReference; lastKnownFileType = file.storyboard; name = Base; path = Base.lproj/LaunchScreen.storyboard; sourceTree = "<group>"; };
		4C8CB5E520C576250045E135 /* Info.plist */ = {isa = PBXFileReference; lastKnownFileType = text.plist.xml; path = Info.plist; sourceTree = "<group>"; };
		4C8CB5EE20C578010045E135 /* CollectionController.swift */ = {isa = PBXFileReference; lastKnownFileType = sourcecode.swift; path = CollectionController.swift; sourceTree = "<group>"; };
		4C8CB5EF20C578010045E135 /* CollectionController.xib */ = {isa = PBXFileReference; lastKnownFileType = file.xib; path = CollectionController.xib; sourceTree = "<group>"; };
		4C8CB5F220C578620045E135 /* TableController.swift */ = {isa = PBXFileReference; lastKnownFileType = sourcecode.swift; path = TableController.swift; sourceTree = "<group>"; };
		4C8CB5F320C578620045E135 /* TableController.xib */ = {isa = PBXFileReference; lastKnownFileType = file.xib; path = TableController.xib; sourceTree = "<group>"; };
		4C8CB5F620C5796D0045E135 /* TabBarController.swift */ = {isa = PBXFileReference; lastKnownFileType = sourcecode.swift; path = TabBarController.swift; sourceTree = "<group>"; };
		4C8CB5F820C57B560045E135 /* Photo.swift */ = {isa = PBXFileReference; lastKnownFileType = sourcecode.swift; path = Photo.swift; sourceTree = "<group>"; };
		4C8CB5FA20C57BF50045E135 /* Base DePhotos.swift */ = {isa = PBXFileReference; lastKnownFileType = sourcecode.swift; path = "Base DePhotos.swift"; sourceTree = "<group>"; };
		4C8CB5FC20C57D430045E135 /* MomentTableCell.swift */ = {isa = PBXFileReference; lastKnownFileType = sourcecode.swift; path = MomentTableCell.swift; sourceTree = "<group>"; };
		4C8CB5FD20C57D430045E135 /* MomentTableCell.xib */ = {isa = PBXFileReference; lastKnownFileType = file.xib; path = MomentTableCell.xib; sourceTree = "<group>"; };
		4C8CB60020C671F00045E135 /* imageCoinArrondi.swift */ = {isa = PBXFileReference; lastKnownFileType = sourcecode.swift; path = imageCoinArrondi.swift; sourceTree = "<group>"; };
/* End PBXFileReference section */

/* Begin PBXFrameworksBuildPhase section */
		4C8CB5D320C576240045E135 /* Frameworks */ = {
			isa = PBXFrameworksBuildPhase;
			buildActionMask = 2147483647;
			files = (
			);
			runOnlyForDeploymentPostprocessing = 0;
		};
/* End PBXFrameworksBuildPhase section */

/* Begin PBXGroup section */
		4C8CB5CD20C576240045E135 = {
			isa = PBXGroup;
			children = (
				4C8CB5D820C576240045E135 /* Moments */,
				4C8CB5D720C576240045E135 /* Products */,
			);
			sourceTree = "<group>";
		};
		4C8CB5D720C576240045E135 /* Products */ = {
			isa = PBXGroup;
			children = (
				4C8CB5D620C576240045E135 /* Moments.app */,
			);
			name = Products;
			sourceTree = "<group>";
		};
		4C8CB5D820C576240045E135 /* Moments */ = {
			isa = PBXGroup;
			children = (
				4C8CB5D920C576240045E135 /* AppDelegate.swift */,
				4C8CB5ED20C577C20045E135 /* Model */,
				4C8CB5EC20C577B70045E135 /* View */,
				4C8CB5EB20C577B00045E135 /* Controller */,
				4C8CB5E020C576250045E135 /* Assets.xcassets */,
				4C8CB5E220C576250045E135 /* LaunchScreen.storyboard */,
				4C8CB5E520C576250045E135 /* Info.plist */,
			);
			path = Moments;
			sourceTree = "<group>";
		};
		4C8CB5EB20C577B00045E135 /* Controller */ = {
			isa = PBXGroup;
			children = (
				4C8CB5EE20C578010045E135 /* CollectionController.swift */,
				4C8CB5EF20C578010045E135 /* CollectionController.xib */,
				4C8CB5F220C578620045E135 /* TableController.swift */,
				4C8CB5F320C578620045E135 /* TableController.xib */,
				4C8CB5F620C5796D0045E135 /* TabBarController.swift */,
			);
			path = Controller;
			sourceTree = "<group>";
		};
		4C8CB5EC20C577B70045E135 /* View */ = {
			isa = PBXGroup;
			children = (
				4C8CB5FC20C57D430045E135 /* MomentTableCell.swift */,
				4C8CB5FD20C57D430045E135 /* MomentTableCell.xib */,
				4C8CB60020C671F00045E135 /* imageCoinArrondi.swift */,
			);
			path = View;
			sourceTree = "<group>";
		};
		4C8CB5ED20C577C20045E135 /* Model */ = {
			isa = PBXGroup;
			children = (
				4C8CB5F820C57B560045E135 /* Photo.swift */,
				4C8CB5FA20C57BF50045E135 /* Base DePhotos.swift */,
			);
			path = Model;
			sourceTree = "<group>";
		};
/* End PBXGroup section */

/* Begin PBXNativeTarget section */
		4C8CB5D520C576240045E135 /* Moments */ = {
			isa = PBXNativeTarget;
			buildConfigurationList = 4C8CB5E820C576250045E135 /* Build configuration list for PBXNativeTarget "Moments" */;
			buildPhases = (
				4C8CB5D220C576240045E135 /* Sources */,
				4C8CB5D320C576240045E135 /* Frameworks */,
				4C8CB5D420C576240045E135 /* Resources */,
			);
			buildRules = (
			);
			dependencies = (
			);
			name = Moments;
			productName = Moments;
			productReference = 4C8CB5D620C576240045E135 /* Moments.app */;
			productType = "com.apple.product-type.application";
		};
/* End PBXNativeTarget section */

/* Begin PBXProject section */
		4C8CB5CE20C576240045E135 /* Project object */ = {
			isa = PBXProject;
			attributes = {
				LastSwiftUpdateCheck = 0940;
				LastUpgradeCheck = 0940;
				ORGANIZATIONNAME = EMANET;
				TargetAttributes = {
					4C8CB5D520C576240045E135 = {
						CreatedOnToolsVersion = 9.4;
					};
				};
			};
			buildConfigurationList = 4C8CB5D120C576240045E135 /* Build configuration list for PBXProject "Moments" */;
			compatibilityVersion = "Xcode 9.3";
			developmentRegion = en;
			hasScannedForEncodings = 0;
			knownRegions = (
				en,
				Base,
			);
			mainGroup = 4C8CB5CD20C576240045E135;
			productRefGroup = 4C8CB5D720C576240045E135 /* Products */;
			projectDirPath = "";
			projectRoot = "";
			targets = (
				4C8CB5D520C576240045E135 /* Moments */,
			);
		};
/* End PBXProject section */

/* Begin PBXResourcesBuildPhase section */
		4C8CB5D420C576240045E135 /* Resources */ = {
			isa = PBXResourcesBuildPhase;
			buildActionMask = 2147483647;
			files = (
				4C8CB5F520C578620045E135 /* TableController.xib in Resources */,
				4C8CB5FF20C57D430045E135 /* MomentTableCell.xib in Resources */,
				4C8CB5E420C576250045E135 /* LaunchScreen.storyboard in Resources */,
				4C8CB5F120C578010045E135 /* CollectionController.xib in Resources */,
				4C8CB5E120C576250045E135 /* Assets.xcassets in Resources */,
			);
			runOnlyForDeploymentPostprocessing = 0;
		};
/* End PBXResourcesBuildPhase section */

/* Begin PBXSourcesBuildPhase section */
		4C8CB5D220C576240045E135 /* Sources */ = {
			isa = PBXSourcesBuildPhase;
			buildActionMask = 2147483647;
			files = (
				4C8CB5F420C578620045E135 /* TableController.swift in Sources */,
				4C8CB5FE20C57D430045E135 /* MomentTableCell.swift in Sources */,
				4C8CB5F720C5796D0045E135 /* TabBarController.swift in Sources */,
				4C8CB5DA20C576240045E135 /* AppDelegate.swift in Sources */,
				4C8CB60120C671F00045E135 /* imageCoinArrondi.swift in Sources */,
				4C8CB5FB20C57BF50045E135 /* Base DePhotos.swift in Sources */,
				4C8CB5F020C578010045E135 /* CollectionController.swift in Sources */,
				4C8CB5F920C57B560045E135 /* Photo.swift in Sources */,
			);
			runOnlyForDeploymentPostprocessing = 0;
		};
/* End PBXSourcesBuildPhase section */

/* Begin PBXVariantGroup section */
		4C8CB5E220C576250045E135 /* LaunchScreen.storyboard */ = {
			isa = PBXVariantGroup;
			children = (
				4C8CB5E320C576250045E135 /* Base */,
			);
			name = LaunchScreen.storyboard;
			sourceTree = "<group>";
		};
/* End PBXVariantGroup section */

/* Begin XCBuildConfiguration section */
		4C8CB5E620C576250045E135 /* Debug */ = {
			isa = XCBuildConfiguration;
			buildSettings = {
				ALWAYS_SEARCH_USER_PATHS = NO;
				CLANG_ANALYZER_NONNULL = YES;
				CLANG_ANALYZER_NUMBER_OBJECT_CONVERSION = YES_AGGRESSIVE;
				CLANG_CXX_LANGUAGE_STANDARD = "gnu++14";
				CLANG_CXX_LIBRARY = "libc++";
				CLANG_ENABLE_MODULES = YES;
				CLANG_ENABLE_OBJC_ARC = YES;
				CLANG_ENABLE_OBJC_WEAK = YES;
				CLANG_WARN_BLOCK_CAPTURE_AUTORELEASING = YES;
				CLANG_WARN_BOOL_CONVERSION = YES;
				CLANG_WARN_COMMA = YES;
				CLANG_WARN_CONSTANT_CONVERSION = YES;
				CLANG_WARN_DEPRECATED_OBJC_IMPLEMENTATIONS = YES;
				CLANG_WARN_DIRECT_OBJC_ISA_USAGE = YES_ERROR;
				CLANG_WARN_DOCUMENTATION_COMMENTS = YES;
				CLANG_WARN_EMPTY_BODY = YES;
				CLANG_WARN_ENUM_CONVERSION = YES;
				CLANG_WARN_INFINITE_RECURSION = YES;
				CLANG_WARN_INT_CONVERSION = YES;
				CLANG_WARN_NON_LITERAL_NULL_CONVERSION = YES;
				CLANG_WARN_OBJC_IMPLICIT_RETAIN_SELF = YES;
				CLANG_WARN_OBJC_LITERAL_CONVERSION = YES;
				CLANG_WARN_OBJC_ROOT_CLASS = YES_ERROR;
				CLANG_WARN_RANGE_LOOP_ANALYSIS = YES;
				CLANG_WARN_STRICT_PROTOTYPES = YES;
				CLANG_WARN_SUSPICIOUS_MOVE = YES;
				CLANG_WARN_UNGUARDED_AVAILABILITY = YES_AGGRESSIVE;
				CLANG_WARN_UNREACHABLE_CODE = YES;
				CLANG_WARN__DUPLICATE_METHOD_MATCH = YES;
				CODE_SIGN_IDENTITY = "iPhone Developer";
				COPY_PHASE_STRIP = NO;
				DEBUG_INFORMATION_FORMAT = dwarf;
				ENABLE_STRICT_OBJC_MSGSEND = YES;
				ENABLE_TESTABILITY = YES;
				GCC_C_LANGUAGE_STANDARD = gnu11;
				GCC_DYNAMIC_NO_PIC = NO;
				GCC_NO_COMMON_BLOCKS = YES;
				GCC_OPTIMIZATION_LEVEL = 0;
				GCC_PREPROCESSOR_DEFINITIONS = (
					"DEBUG=1",
					"$(inherited)",
				);
				GCC_WARN_64_TO_32_BIT_CONVERSION = YES;
				GCC_WARN_ABOUT_RETURN_TYPE = YES_ERROR;
				GCC_WARN_UNDECLARED_SELECTOR = YES;
				GCC_WARN_UNINITIALIZED_AUTOS = YES_AGGRESSIVE;
				GCC_WARN_UNUSED_FUNCTION = YES;
				GCC_WARN_UNUSED_VARIABLE = YES;
				IPHONEOS_DEPLOYMENT_TARGET = 11.4;
				MTL_ENABLE_DEBUG_INFO = YES;
				ONLY_ACTIVE_ARCH = YES;
				SDKROOT = iphoneos;
				SWIFT_ACTIVE_COMPILATION_CONDITIONS = DEBUG;
				SWIFT_OPTIMIZATION_LEVEL = "-Onone";
			};
			name = Debug;
		};
		4C8CB5E720C576250045E135 /* Release */ = {
			isa = XCBuildConfiguration;
			buildSettings = {
				ALWAYS_SEARCH_USER_PATHS = NO;
				CLANG_ANALYZER_NONNULL = YES;
				CLANG_ANALYZER_NUMBER_OBJECT_CONVERSION = YES_AGGRESSIVE;
				CLANG_CXX_LANGUAGE_STANDARD = "gnu++14";
				CLANG_CXX_LIBRARY = "libc++";
				CLANG_ENABLE_MODULES = YES;
				CLANG_ENABLE_OBJC_ARC = YES;
				CLANG_ENABLE_OBJC_WEAK = YES;
				CLANG_WARN_BLOCK_CAPTURE_AUTORELEASING = YES;
				CLANG_WARN_BOOL_CONVERSION = YES;
				CLANG_WARN_COMMA = YES;
				CLANG_WARN_CONSTANT_CONVERSION = YES;
				CLANG_WARN_DEPRECATED_OBJC_IMPLEMENTATIONS = YES;
				CLANG_WARN_DIRECT_OBJC_ISA_USAGE = YES_ERROR;
				CLANG_WARN_DOCUMENTATION_COMMENTS = YES;
				CLANG_WARN_EMPTY_BODY = YES;
				CLANG_WARN_ENUM_CONVERSION = YES;
				CLANG_WARN_INFINITE_RECURSION = YES;
				CLANG_WARN_INT_CONVERSION = YES;
				CLANG_WARN_NON_LITERAL_NULL_CONVERSION = YES;
				CLANG_WARN_OBJC_IMPLICIT_RETAIN_SELF = YES;
				CLANG_WARN_OBJC_LITERAL_CONVERSION = YES;
				CLANG_WARN_OBJC_ROOT_CLASS = YES_ERROR;
				CLANG_WARN_RANGE_LOOP_ANALYSIS = YES;
				CLANG_WARN_STRICT_PROTOTYPES = YES;
				CLANG_WARN_SUSPICIOUS_MOVE = YES;
				CLANG_WARN_UNGUARDED_AVAILABILITY = YES_AGGRESSIVE;
				CLANG_WARN_UNREACHABLE_CODE = YES;
				CLANG_WARN__DUPLICATE_METHOD_MATCH = YES;
				CODE_SIGN_IDENTITY = "iPhone Developer";
				COPY_PHASE_STRIP = NO;
				DEBUG_INFORMATION_FORMAT = "dwarf-with-dsym";
				ENABLE_NS_ASSERTIONS = NO;
				ENABLE_STRICT_OBJC_MSGSEND = YES;
				GCC_C_LANGUAGE_STANDARD = gnu11;
				GCC_NO_COMMON_BLOCKS = YES;
				GCC_WARN_64_TO_32_BIT_CONVERSION = YES;
				GCC_WARN_ABOUT_RETURN_TYPE = YES_ERROR;
				GCC_WARN_UNDECLARED_SELECTOR = YES;
				GCC_WARN_UNINITIALIZED_AUTOS = YES_AGGRESSIVE;
				GCC_WARN_UNUSED_FUNCTION = YES;
				GCC_WARN_UNUSED_VARIABLE = YES;
				IPHONEOS_DEPLOYMENT_TARGET = 11.4;
				MTL_ENABLE_DEBUG_INFO = NO;
				SDKROOT = iphoneos;
				SWIFT_COMPILATION_MODE = wholemodule;
				SWIFT_OPTIMIZATION_LEVEL = "-O";
				VALIDATE_PRODUCT = YES;
			};
			name = Release;
		};
		4C8CB5E920C576250045E135 /* Debug */ = {
			isa = XCBuildConfiguration;
			buildSettings = {
				ASSETCATALOG_COMPILER_APPICON_NAME = AppIcon;
				CODE_SIGN_STYLE = Automatic;
				DEVELOPMENT_TEAM = 6R3EY3WNDP;
				INFOPLIST_FILE = Moments/Info.plist;
				LD_RUNPATH_SEARCH_PATHS = (
					"$(inherited)",
					"@executable_path/Frameworks",
				);
				PRODUCT_BUNDLE_IDENTIFIER = fr.emanet.Moments;
				PRODUCT_NAME = "$(TARGET_NAME)";
				SWIFT_VERSION = 4.0;
				TARGETED_DEVICE_FAMILY = "1,2";
			};
			name = Debug;
		};
		4C8CB5EA20C576250045E135 /* Release */ = {
			isa = XCBuildConfiguration;
			buildSettings = {
				ASSETCATALOG_COMPILER_APPICON_NAME = AppIcon;
				CODE_SIGN_STYLE = Automatic;
				DEVELOPMENT_TEAM = 6R3EY3WNDP;
				INFOPLIST_FILE = Moments/Info.plist;
				LD_RUNPATH_SEARCH_PATHS = (
					"$(inherited)",
					"@executable_path/Frameworks",
				);
				PRODUCT_BUNDLE_IDENTIFIER = fr.emanet.Moments;
				PRODUCT_NAME = "$(TARGET_NAME)";
				SWIFT_VERSION = 4.0;
				TARGETED_DEVICE_FAMILY = "1,2";
			};
			name = Release;
		};
/* End XCBuildConfiguration section */

/* Begin XCConfigurationList section */
		4C8CB5D120C576240045E135 /* Build configuration list for PBXProject "Moments" */ = {
			isa = XCConfigurationList;
			buildConfigurations = (
				4C8CB5E620C576250045E135 /* Debug */,
				4C8CB5E720C576250045E135 /* Release */,
			);
			defaultConfigurationIsVisible = 0;
			defaultConfigurationName = Release;
		};
		4C8CB5E820C576250045E135 /* Build configuration list for PBXNativeTarget "Moments" */ = {
			isa = XCConfigurationList;
			buildConfigurations = (
				4C8CB5E920C576250045E135 /* Debug */,
				4C8CB5EA20C576250045E135 /* Release */,
			);
			defaultConfigurationIsVisible = 0;
			defaultConfigurationName = Release;
		};
/* End XCConfigurationList section */
	};
	rootObject = 4C8CB5CE20C576240045E135 /* Project object */;
}
